
Microsoft Visual Studio Solution File, Format Version 12.00
# Visual Studio Version 17
VisualStudioVersion = 17.5.33516.290
MinimumVisualStudioVersion = 10.0.40219.1
Project("{FAE04EC0-301F-11D3-BF4B-00C04F79EFBC}") = "wpfIVACalculator", "wpfIVACalculator\wpfIVACalculator.csproj", "{93A0AB1F-981F-402D-89B9-2634341FA8C3}"
EndProject
Global
	GlobalSection(SolutionConfigurationPlatforms) = preSolution
		Debug|Any CPU = Debug|Any CPU
		Release|Any CPU = Release|Any CPU
	EndGlobalSection
	GlobalSection(ProjectConfigurationPlatforms) = postSolution
		{93A0AB1F-981F-402D-89B9-2634341FA8C3}.Debug|Any CPU.ActiveCfg = Debug|Any CPU
		{93A0AB1F-981F-402D-89B9-2634341FA8C3}.Debug|Any CPU.Build.0 = Debug|Any CPU
		{93A0AB1F-981F-402D-89B9-2634341FA8C3}.Release|Any CPU.ActiveCfg = Release|Any CPU
		{93A0AB1F-981F-402D-89B9-2634341FA8C3}.Release|Any CPU.Build.0 = Release|Any CPU
	EndGlobalSection
	GlobalSection(SolutionProperties) = preSolution
		HideSolutionNode = FALSE
	EndGlobalSection
	GlobalSection(ExtensibilityGlobals) = postSolution
		SolutionGuid = {B5E1855A-A23E-4853-AAFE-DCBE895258EC}
	EndGlobalSection
EndGlobal
